
Microsoft Visual Studio Solution File, Format Version 12.00
# Visual Studio Version 17
VisualStudioVersion = 17.1.32421.90
MinimumVisualStudioVersion = 10.0.40219.1
Project("{FAE04EC0-301F-11D3-BF4B-00C04F79EFBC}") = "NotasAlumnos", "NotasAlumnos\NotasAlumnos.csproj", "{3871CFFC-645C-40EE-8FF1-EB4BF681431D}"
EndProject
Global
	GlobalSection(SolutionConfigurationPlatforms) = preSolution
		Debug|Any CPU = Debug|Any CPU
		Release|Any CPU = Release|Any CPU
	EndGlobalSection
	GlobalSection(ProjectConfigurationPlatforms) = postSolution
		{3871CFFC-645C-40EE-8FF1-EB4BF681431D}.Debug|Any CPU.ActiveCfg = Debug|Any CPU
		{3871CFFC-645C-40EE-8FF1-EB4BF681431D}.Debug|Any CPU.Build.0 = Debug|Any CPU
		{3871CFFC-645C-40EE-8FF1-EB4BF681431D}.Release|Any CPU.ActiveCfg = Release|Any CPU
		{3871CFFC-645C-40EE-8FF1-EB4BF681431D}.Release|Any CPU.Build.0 = Release|Any CPU
	EndGlobalSection
	GlobalSection(SolutionProperties) = preSolution
		HideSolutionNode = FALSE
	EndGlobalSection
	GlobalSection(ExtensibilityGlobals) = postSolution
		SolutionGuid = {336E4010-6D07-450C-A5A4-BD37986162F9}
	EndGlobalSection
EndGlobal
